// !$*UTF8*$!
{
	archiveVersion = 1;
	classes = {
	};
	objectVersion = 77;
	objects = {

/* Begin PBXBuildFile section */
		02FE7ABD5C079ECFFF6E5803 /* APIClient.swift in Sources */ = {isa = PBXBuildFile; fileRef = EA21B7A03362B98F1D3C1BEA /* APIClient.swift */; };
		0324B62841155F381F3763CE /* Models.swift in Sources */ = {isa = PBXBuildFile; fileRef = CFA29F43D2C07FD5ECF9BED3 /* Models.swift */; };
		265BCB69ECFEA10E4CCBA2AA /* PushNotificationManager.swift in Sources */ = {isa = PBXBuildFile; fileRef = C4191A5E03407081C18D994F /* PushNotificationManager.swift */; };
		26D9464795C0BF8454DDF431 /* BonjourDiscovery.swift in Sources */ = {isa = PBXBuildFile; fileRef = C8BD6FDC880C9F2F776F10B4 /* BonjourDiscovery.swift */; };
		39853975E1104A1024EB7CC2 /* GitHubAutoUpdaterApp.swift in Sources */ = {isa = PBXBuildFile; fileRef = 38F70E60BFB760278C812657 /* GitHubAutoUpdaterApp.swift */; };
		62CC897C49ECCCF39936755D /* Assets.xcassets in Resources */ = {isa = PBXBuildFile; fileRef = 24CA9207F0D5EAAB6C23384D /* Assets.xcassets */; };
		6581C9357A259B3651B36E61 /* RootView.swift in Sources */ = {isa = PBXBuildFile; fileRef = 40712D8E62A36CB3B5422650 /* RootView.swift */; };
		6B404C08A737394C5FC6487B /* PrivacyInfo.xcprivacy in Resources */ = {isa = PBXBuildFile; fileRef = 7DDEF7EDAE779A71D1569695 /* PrivacyInfo.xcprivacy */; };
		879CD81690DEE1011548A7C2 /* AppViewModel.swift in Sources */ = {isa = PBXBuildFile; fileRef = 7521FCD91ED4FF257888259E /* AppViewModel.swift */; };
/* End PBXBuildFile section */

/* Begin PBXFileReference section */
		24CA9207F0D5EAAB6C23384D /* Assets.xcassets */ = {isa = PBXFileReference; lastKnownFileType = folder.assetcatalog; path = Assets.xcassets; sourceTree = "<group>"; };
		2CF4CEA279AA36BB59743B98 /* Info.plist */ = {isa = PBXFileReference; lastKnownFileType = text.plist; path = Info.plist; sourceTree = "<group>"; };
		38F70E60BFB760278C812657 /* GitHubAutoUpdaterApp.swift */ = {isa = PBXFileReference; lastKnownFileType = sourcecode.swift; path = GitHubAutoUpdaterApp.swift; sourceTree = "<group>"; };
		40712D8E62A36CB3B5422650 /* RootView.swift */ = {isa = PBXFileReference; lastKnownFileType = sourcecode.swift; path = RootView.swift; sourceTree = "<group>"; };
		7521FCD91ED4FF257888259E /* AppViewModel.swift */ = {isa = PBXFileReference; lastKnownFileType = sourcecode.swift; path = AppViewModel.swift; sourceTree = "<group>"; };
		7DDEF7EDAE779A71D1569695 /* PrivacyInfo.xcprivacy */ = {isa = PBXFileReference; path = PrivacyInfo.xcprivacy; sourceTree = "<group>"; };
		B11B848ED78D876750EAFDB9 /* GitHubAutoUpdaterApp.app */ = {isa = PBXFileReference; includeInIndex = 0; lastKnownFileType = wrapper.application; path = GitHubAutoUpdaterApp.app; sourceTree = BUILT_PRODUCTS_DIR; };
		C4191A5E03407081C18D994F /* PushNotificationManager.swift */ = {isa = PBXFileReference; lastKnownFileType = sourcecode.swift; path = PushNotificationManager.swift; sourceTree = "<group>"; };
		C8BD6FDC880C9F2F776F10B4 /* BonjourDiscovery.swift */ = {isa = PBXFileReference; lastKnownFileType = sourcecode.swift; path = BonjourDiscovery.swift; sourceTree = "<group>"; };
		CFA29F43D2C07FD5ECF9BED3 /* Models.swift */ = {isa = PBXFileReference; lastKnownFileType = sourcecode.swift; path = Models.swift; sourceTree = "<group>"; };
		EA21B7A03362B98F1D3C1BEA /* APIClient.swift */ = {isa = PBXFileReference; lastKnownFileType = sourcecode.swift; path = APIClient.swift; sourceTree = "<group>"; };
/* End PBXFileReference section */

/* Begin PBXGroup section */
		1EA7B0153818114537DCBEFA /* Products */ = {
			isa = PBXGroup;
			children = (
				B11B848ED78D876750EAFDB9 /* GitHubAutoUpdaterApp.app */,
			);
			name = Products;
			sourceTree = "<group>";
		};
		B613917A15CA3A783B2797B7 /* GitHubAutoUpdaterApp */ = {
			isa = PBXGroup;
			children = (
				EA21B7A03362B98F1D3C1BEA /* APIClient.swift */,
				7521FCD91ED4FF257888259E /* AppViewModel.swift */,
				24CA9207F0D5EAAB6C23384D /* Assets.xcassets */,
				C8BD6FDC880C9F2F776F10B4 /* BonjourDiscovery.swift */,
				38F70E60BFB760278C812657 /* GitHubAutoUpdaterApp.swift */,
				2CF4CEA279AA36BB59743B98 /* Info.plist */,
				CFA29F43D2C07FD5ECF9BED3 /* Models.swift */,
				7DDEF7EDAE779A71D1569695 /* PrivacyInfo.xcprivacy */,
				C4191A5E03407081C18D994F /* PushNotificationManager.swift */,
				40712D8E62A36CB3B5422650 /* RootView.swift */,
			);
			path = GitHubAutoUpdaterApp;
			sourceTree = "<group>";
		};
		E44F92D1B23DB7D7201EE2AC = {
			isa = PBXGroup;
			children = (
				B613917A15CA3A783B2797B7 /* GitHubAutoUpdaterApp */,
				1EA7B0153818114537DCBEFA /* Products */,
			);
			sourceTree = "<group>";
		};
/* End PBXGroup section */

/* Begin PBXNativeTarget section */
		6A4B4AA0647A387DE6DBC04C /* GitHubAutoUpdaterApp */ = {
			isa = PBXNativeTarget;
			buildConfigurationList = C3D0B79B02F20DB2BD387F4C /* Build configuration list for PBXNativeTarget "GitHubAutoUpdaterApp" */;
			buildPhases = (
				03EA3FE57BBCD95D27665B93 /* Sources */,
				F2F4B8AC88816F0EC442E120 /* Resources */,
			);
			buildRules = (
			);
			dependencies = (
			);
			name = GitHubAutoUpdaterApp;
			packageProductDependencies = (
			);
			productName = GitHubAutoUpdaterApp;
			productReference = B11B848ED78D876750EAFDB9 /* GitHubAutoUpdaterApp.app */;
			productType = "com.apple.product-type.application";
		};
/* End PBXNativeTarget section */

/* Begin PBXProject section */
		323E10DEE364FE4578385C63 /* Project object */ = {
			isa = PBXProject;
			attributes = {
				BuildIndependentTargetsInParallel = YES;
				LastUpgradeCheck = 1430;
				TargetAttributes = {
					6A4B4AA0647A387DE6DBC04C = {
						DevelopmentTeam = "";
						ProvisioningStyle = Automatic;
					};
				};
			};
			buildConfigurationList = 9FEFF91BCBBEB4F39A86282C /* Build configuration list for PBXProject "GitHubAutoUpdaterApp" */;
			developmentRegion = en;
			hasScannedForEncodings = 0;
			knownRegions = (
				Base,
				en,
			);
			mainGroup = E44F92D1B23DB7D7201EE2AC;
			minimizedProjectReferenceProxies = 1;
			preferredProjectObjectVersion = 77;
			productRefGroup = 1EA7B0153818114537DCBEFA /* Products */;
			projectDirPath = "";
			projectRoot = "";
			targets = (
				6A4B4AA0647A387DE6DBC04C /* GitHubAutoUpdaterApp */,
			);
		};
/* End PBXProject section */

/* Begin PBXResourcesBuildPhase section */
		F2F4B8AC88816F0EC442E120 /* Resources */ = {
			isa = PBXResourcesBuildPhase;
			buildActionMask = 2147483647;
			files = (
				62CC897C49ECCCF39936755D /* Assets.xcassets in Resources */,
				6B404C08A737394C5FC6487B /* PrivacyInfo.xcprivacy in Resources */,
			);
			runOnlyForDeploymentPostprocessing = 0;
		};
/* End PBXResourcesBuildPhase section */

/* Begin PBXSourcesBuildPhase section */
		03EA3FE57BBCD95D27665B93 /* Sources */ = {
			isa = PBXSourcesBuildPhase;
			buildActionMask = 2147483647;
			files = (
				02FE7ABD5C079ECFFF6E5803 /* APIClient.swift in Sources */,
				879CD81690DEE1011548A7C2 /* AppViewModel.swift in Sources */,
				26D9464795C0BF8454DDF431 /* BonjourDiscovery.swift in Sources */,
				39853975E1104A1024EB7CC2 /* GitHubAutoUpdaterApp.swift in Sources */,
				0324B62841155F381F3763CE /* Models.swift in Sources */,
				265BCB69ECFEA10E4CCBA2AA /* PushNotificationManager.swift in Sources */,
				6581C9357A259B3651B36E61 /* RootView.swift in Sources */,
			);
			runOnlyForDeploymentPostprocessing = 0;
		};
/* End PBXSourcesBuildPhase section */

/* Begin XCBuildConfiguration section */
		52AABD999692A7C552EE11DA /* Release */ = {
			isa = XCBuildConfiguration;
			buildSettings = {
				ASSETCATALOG_COMPILER_APPICON_NAME = AppIcon;
				CODE_SIGN_IDENTITY = "iPhone Developer";
				CODE_SIGN_STYLE = Automatic;
				INFOPLIST_FILE = GitHubAutoUpdaterApp/Info.plist;
				INFOPLIST_KEY_BGTaskSchedulerPermittedIdentifiers = (
					com.core.githubautoupdater.refresh,
				);
				INFOPLIST_KEY_CFBundleDisplayName = "GitHub Auto Updater";
				INFOPLIST_KEY_CFBundleShortVersionString = 0.1.0;
				INFOPLIST_KEY_CFBundleVersion = 1;
				INFOPLIST_KEY_LSRequiresIPhoneOS = YES;
				INFOPLIST_KEY_NSAppTransportSecurity = "[\"NSAllowsLocalNetworking\": true]";
				INFOPLIST_KEY_NSLocalNetworkUsageDescription = "Access your Mac helper server on the local network to monitor updater status.";
				INFOPLIST_KEY_UIApplicationSceneManifest_Generation = YES;
				INFOPLIST_KEY_UIBackgroundModes = (
					fetch,
				);
				INFOPLIST_KEY_UILaunchScreen_Generation = YES;
				INFOPLIST_KEY_UIRequiredDeviceCapabilities = (
					armv7,
				);
				LD_RUNPATH_SEARCH_PATHS = (
					"$(inherited)",
					"@executable_path/Frameworks",
				);
				PRODUCT_NAME = "GitHub Auto Updater";
				SDKROOT = iphoneos;
				SUPPORTS_MACCATALYST = NO;
				TARGETED_DEVICE_FAMILY = "1,2";
			};
			name = Release;
		};
		894F2025388361DD98C4B425 /* Release */ = {
			isa = XCBuildConfiguration;
			buildSettings = {
				ALWAYS_SEARCH_USER_PATHS = NO;
				CLANG_ANALYZER_NONNULL = YES;
				CLANG_ANALYZER_NUMBER_OBJECT_CONVERSION = YES_AGGRESSIVE;
				CLANG_CXX_LANGUAGE_STANDARD = "gnu++14";
				CLANG_CXX_LIBRARY = "libc++";
				CLANG_ENABLE_MODULES = YES;
				CLANG_ENABLE_OBJC_ARC = YES;
				CLANG_ENABLE_OBJC_WEAK = YES;
				CLANG_WARN_BLOCK_CAPTURE_AUTORELEASING = YES;
				CLANG_WARN_BOOL_CONVERSION = YES;
				CLANG_WARN_COMMA = YES;
				CLANG_WARN_CONSTANT_CONVERSION = YES;
				CLANG_WARN_DEPRECATED_OBJC_IMPLEMENTATIONS = YES;
				CLANG_WARN_DIRECT_OBJC_ISA_USAGE = YES_ERROR;
				CLANG_WARN_DOCUMENTATION_COMMENTS = YES;
				CLANG_WARN_EMPTY_BODY = YES;
				CLANG_WARN_ENUM_CONVERSION = YES;
				CLANG_WARN_INFINITE_RECURSION = YES;
				CLANG_WARN_INT_CONVERSION = YES;
				CLANG_WARN_NON_LITERAL_NULL_CONVERSION = YES;
				CLANG_WARN_OBJC_IMPLICIT_RETAIN_SELF = YES;
				CLANG_WARN_OBJC_LITERAL_CONVERSION = YES;
				CLANG_WARN_OBJC_ROOT_CLASS = YES_ERROR;
				CLANG_WARN_QUOTED_INCLUDE_IN_FRAMEWORK_HEADER = YES;
				CLANG_WARN_RANGE_LOOP_ANALYSIS = YES;
				CLANG_WARN_STRICT_PROTOTYPES = YES;
				CLANG_WARN_SUSPICIOUS_MOVE = YES;
				CLANG_WARN_UNGUARDED_AVAILABILITY = YES_AGGRESSIVE;
				CLANG_WARN_UNREACHABLE_CODE = YES;
				CLANG_WARN__DUPLICATE_METHOD_MATCH = YES;
				COPY_PHASE_STRIP = NO;
				CURRENT_PROJECT_VERSION = 1;
				DEBUG_INFORMATION_FORMAT = "dwarf-with-dsym";
				DEVELOPMENT_TEAM = "";
				ENABLE_NS_ASSERTIONS = NO;
				ENABLE_STRICT_OBJC_MSGSEND = YES;
				GCC_C_LANGUAGE_STANDARD = gnu11;
				GCC_NO_COMMON_BLOCKS = YES;
				GCC_WARN_64_TO_32_BIT_CONVERSION = YES;
				GCC_WARN_ABOUT_RETURN_TYPE = YES_ERROR;
				GCC_WARN_UNDECLARED_SELECTOR = YES;
				GCC_WARN_UNINITIALIZED_AUTOS = YES_AGGRESSIVE;
				GCC_WARN_UNUSED_FUNCTION = YES;
				GCC_WARN_UNUSED_VARIABLE = YES;
				INFOPLIST_FILE = GitHubAutoUpdaterApp/Info.plist;
				IPHONEOS_DEPLOYMENT_TARGET = 17.0;
				MARKETING_VERSION = 0.1.0;
				MTL_ENABLE_DEBUG_INFO = NO;
				MTL_FAST_MATH = YES;
				PRODUCT_BUNDLE_IDENTIFIER = com.core.githubautoupdater;
				PRODUCT_NAME = "$(TARGET_NAME)";
				SDKROOT = iphoneos;
				SWIFT_COMPILATION_MODE = wholemodule;
				SWIFT_OPTIMIZATION_LEVEL = "-O";
				SWIFT_VERSION = 5.0;
			};
			name = Release;
		};
		CCBAEB7A5B21B2F7CEC9A1B9 /* Debug */ = {
			isa = XCBuildConfiguration;
			buildSettings = {
				ALWAYS_SEARCH_USER_PATHS = NO;
				CLANG_ANALYZER_NONNULL = YES;
				CLANG_ANALYZER_NUMBER_OBJECT_CONVERSION = YES_AGGRESSIVE;
				CLANG_CXX_LANGUAGE_STANDARD = "gnu++14";
				CLANG_CXX_LIBRARY = "libc++";
				CLANG_ENABLE_MODULES = YES;
				CLANG_ENABLE_OBJC_ARC = YES;
				CLANG_ENABLE_OBJC_WEAK = YES;
				CLANG_WARN_BLOCK_CAPTURE_AUTORELEASING = YES;
				CLANG_WARN_BOOL_CONVERSION = YES;
				CLANG_WARN_COMMA = YES;
				CLANG_WARN_CONSTANT_CONVERSION = YES;
				CLANG_WARN_DEPRECATED_OBJC_IMPLEMENTATIONS = YES;
				CLANG_WARN_DIRECT_OBJC_ISA_USAGE = YES_ERROR;
				CLANG_WARN_DOCUMENTATION_COMMENTS = YES;
				CLANG_WARN_EMPTY_BODY = YES;
				CLANG_WARN_ENUM_CONVERSION = YES;
				CLANG_WARN_INFINITE_RECURSION = YES;
				CLANG_WARN_INT_CONVERSION = YES;
				CLANG_WARN_NON_LITERAL_NULL_CONVERSION = YES;
				CLANG_WARN_OBJC_IMPLICIT_RETAIN_SELF = YES;
				CLANG_WARN_OBJC_LITERAL_CONVERSION = YES;
				CLANG_WARN_OBJC_ROOT_CLASS = YES_ERROR;
				CLANG_WARN_QUOTED_INCLUDE_IN_FRAMEWORK_HEADER = YES;
				CLANG_WARN_RANGE_LOOP_ANALYSIS = YES;
				CLANG_WARN_STRICT_PROTOTYPES = YES;
				CLANG_WARN_SUSPICIOUS_MOVE = YES;
				CLANG_WARN_UNGUARDED_AVAILABILITY = YES_AGGRESSIVE;
				CLANG_WARN_UNREACHABLE_CODE = YES;
				CLANG_WARN__DUPLICATE_METHOD_MATCH = YES;
				COPY_PHASE_STRIP = NO;
				CURRENT_PROJECT_VERSION = 1;
				DEBUG_INFORMATION_FORMAT = dwarf;
				DEVELOPMENT_TEAM = "";
				ENABLE_STRICT_OBJC_MSGSEND = YES;
				ENABLE_TESTABILITY = YES;
				GCC_C_LANGUAGE_STANDARD = gnu11;
				GCC_DYNAMIC_NO_PIC = NO;
				GCC_NO_COMMON_BLOCKS = YES;
				GCC_OPTIMIZATION_LEVEL = 0;
				GCC_PREPROCESSOR_DEFINITIONS = (
					"$(inherited)",
					"DEBUG=1",
				);
				GCC_WARN_64_TO_32_BIT_CONVERSION = YES;
				GCC_WARN_ABOUT_RETURN_TYPE = YES_ERROR;
				GCC_WARN_UNDECLARED_SELECTOR = YES;
				GCC_WARN_UNINITIALIZED_AUTOS = YES_AGGRESSIVE;
				GCC_WARN_UNUSED_FUNCTION = YES;
				GCC_WARN_UNUSED_VARIABLE = YES;
				INFOPLIST_FILE = GitHubAutoUpdaterApp/Info.plist;
				IPHONEOS_DEPLOYMENT_TARGET = 17.0;
				MARKETING_VERSION = 0.1.0;
				MTL_ENABLE_DEBUG_INFO = INCLUDE_SOURCE;
				MTL_FAST_MATH = YES;
				ONLY_ACTIVE_ARCH = YES;
				PRODUCT_BUNDLE_IDENTIFIER = com.core.githubautoupdater;
				PRODUCT_NAME = "$(TARGET_NAME)";
				SDKROOT = iphoneos;
				SWIFT_ACTIVE_COMPILATION_CONDITIONS = DEBUG;
				SWIFT_OPTIMIZATION_LEVEL = "-Onone";
				SWIFT_VERSION = 5.0;
			};
			name = Debug;
		};
		FEA62CABFA913316891B932A /* Debug */ = {
			isa = XCBuildConfiguration;
			buildSettings = {
				ASSETCATALOG_COMPILER_APPICON_NAME = AppIcon;
				CODE_SIGN_IDENTITY = "iPhone Developer";
				CODE_SIGN_STYLE = Automatic;
				INFOPLIST_FILE = GitHubAutoUpdaterApp/Info.plist;
				INFOPLIST_KEY_BGTaskSchedulerPermittedIdentifiers = (
					com.core.githubautoupdater.refresh,
				);
				INFOPLIST_KEY_CFBundleDisplayName = "GitHub Auto Updater";
				INFOPLIST_KEY_CFBundleShortVersionString = 0.1.0;
				INFOPLIST_KEY_CFBundleVersion = 1;
				INFOPLIST_KEY_LSRequiresIPhoneOS = YES;
				INFOPLIST_KEY_NSAppTransportSecurity = "[\"NSAllowsLocalNetworking\": true]";
				INFOPLIST_KEY_NSLocalNetworkUsageDescription = "Access your Mac helper server on the local network to monitor updater status.";
				INFOPLIST_KEY_UIApplicationSceneManifest_Generation = YES;
				INFOPLIST_KEY_UIBackgroundModes = (
					fetch,
				);
				INFOPLIST_KEY_UILaunchScreen_Generation = YES;
				INFOPLIST_KEY_UIRequiredDeviceCapabilities = (
					armv7,
				);
				LD_RUNPATH_SEARCH_PATHS = (
					"$(inherited)",
					"@executable_path/Frameworks",
				);
				PRODUCT_NAME = "GitHub Auto Updater";
				SDKROOT = iphoneos;
				SUPPORTS_MACCATALYST = NO;
				TARGETED_DEVICE_FAMILY = "1,2";
			};
			name = Debug;
		};
/* End XCBuildConfiguration section */

/* Begin XCConfigurationList section */
		9FEFF91BCBBEB4F39A86282C /* Build configuration list for PBXProject "GitHubAutoUpdaterApp" */ = {
			isa = XCConfigurationList;
			buildConfigurations = (
				CCBAEB7A5B21B2F7CEC9A1B9 /* Debug */,
				894F2025388361DD98C4B425 /* Release */,
			);
			defaultConfigurationIsVisible = 0;
			defaultConfigurationName = Debug;
		};
		C3D0B79B02F20DB2BD387F4C /* Build configuration list for PBXNativeTarget "GitHubAutoUpdaterApp" */ = {
			isa = XCConfigurationList;
			buildConfigurations = (
				FEA62CABFA913316891B932A /* Debug */,
				52AABD999692A7C552EE11DA /* Release */,
			);
			defaultConfigurationIsVisible = 0;
			defaultConfigurationName = Debug;
		};
/* End XCConfigurationList section */
	};
	rootObject = 323E10DEE364FE4578385C63 /* Project object */;
}
